PODS:
  - Alamofire (4.6.0)
  - AnyErrorKit (0.1.4)
  - Bolts (1.9.0):
    - Bolts/AppLinks (= 1.9.0)
    - Bolts/Tasks (= 1.9.0)
  - Bolts/AppLinks (1.9.0):
    - Bolts/Tasks
  - Bolts/Tasks (1.9.0)
  - FacebookCore (0.3.0):
    - Bolts (~> 1.8)
    - FBSDKCoreKit (~> 4.27)
  - FacebookLogin (0.3.0):
    - Bolts (~> 1.8)
    - FacebookCore (~> 0.3)
    - FBSDKCoreKit (~> 4.27)
    - FBSDKLoginKit (~> 4.27)
  - FBSDKCoreKit (4.30.0):
    - Bolts (~> 1.7)
  - FBSDKLoginKit (4.30.0):
    - FBSDKCoreKit
  - FirebaseAnalytics (3.9.0):
    - FirebaseCore (~> 3.6)
    - FirebaseInstanceID (~> 1.0)
    - GoogleToolboxForMac/NSData+zlib (~> 2.1)
  - FirebaseCore (3.6.0):
    - GoogleToolboxForMac/NSData+zlib (~> 2.1)
  - FirebaseInstanceID (1.0.10):
    - FirebaseCore (~> 3.6)
  - FLUtilities (0.1.0)
  - FoxAPIKit (0.1.4):
    - Alamofire (~> 4.4)
    - AnyErrorKit (~> 0.1.1)
    - JSONParsing (~> 0.1.3)
    - SwiftyJSON (~> 3.1)
  - Google/Core (3.1.0):
    - FirebaseAnalytics (~> 3.2)
  - Google/SignIn (3.1.0):
    - Google/Core
    - GoogleSignIn (~> 4.0)
  - GoogleSignIn (4.1.2):
    - GoogleToolboxForMac/NSDictionary+URLArguments (~> 2.1)
    - GoogleToolboxForMac/NSString+URLArguments (~> 2.1)
    - GTMOAuth2 (~> 1.0)
    - GTMSessionFetcher/Core (~> 1.1)
  - GoogleToolboxForMac/DebugUtils (2.1.3):
    - GoogleToolboxForMac/Defines (= 2.1.3)
  - GoogleToolboxForMac/Defines (2.1.3)
  - GoogleToolboxForMac/NSData+zlib (2.1.3):
    - GoogleToolboxForMac/Defines (= 2.1.3)
  - GoogleToolboxForMac/NSDictionary+URLArguments (2.1.3):
    - GoogleToolboxForMac/DebugUtils (= 2.1.3)
    - GoogleToolboxForMac/Defines (= 2.1.3)
    - GoogleToolboxForMac/NSString+URLArguments (= 2.1.3)
  - GoogleToolboxForMac/NSString+URLArguments (2.1.3)
  - GTMOAuth2 (1.1.6):
    - GTMSessionFetcher (~> 1.1)
  - GTMSessionFetcher (1.1.13):
    - GTMSessionFetcher/Full (= 1.1.13)
  - GTMSessionFetcher/Core (1.1.13)
  - GTMSessionFetcher/Full (1.1.13):
    - GTMSessionFetcher/Core (= 1.1.13)
  - JSONParsing (0.1.3):
    - AnyErrorKit (~> 0.1.1)
    - SwiftyJSON (~> 3.1)
  - SwiftyJSON (3.1.4)
  - TwitterCore (3.1.0)
  - TwitterKit (3.3.0):
    - TwitterCore (>= 3.1.0)

DEPENDENCIES:
  - FacebookCore
  - FacebookLogin
  - FLUtilities (from `https://github.com/Nickelfox/FLUtilities.git`)
  - FoxAPIKit (from `https://github.com/Nickelfox/FoxAPIKit.git`)
  - Google/SignIn
  - GoogleSignIn
  - TwitterKit

EXTERNAL SOURCES:
  FLUtilities:
    :git: https://github.com/Nickelfox/FLUtilities.git
  FoxAPIKit:
    :git: https://github.com/Nickelfox/FoxAPIKit.git

CHECKOUT OPTIONS:
  FLUtilities:
    :commit: 96a0b379b16cbe7b0fbb5c0e159d9a52740de60b
    :git: https://github.com/Nickelfox/FLUtilities.git
  FoxAPIKit:
    :commit: d5af38862321e1ccb224b5fe4709bb3d52761915
    :git: https://github.com/Nickelfox/FoxAPIKit.git

SPEC CHECKSUMS:
  Alamofire: f41a599bd63041760b26d393ec1069d9d7b917f4
  AnyErrorKit: 6083091402347e82158c4e6e565680bdd4d1928c
  Bolts: ac6567323eac61e203f6a9763667d0f711be34c8
  FacebookCore: 3ffa190a3f1f96cec0e44d3fc221bc322c595ffa
  FacebookLogin: 0af839ea858faef99550d16596b87b4a8e8906e6
  FBSDKCoreKit: 7c4bba2877781a131ab5d54c0a78c405d4307b62
  FBSDKLoginKit: fe7a7e82373dc5daad92e1623219e86224ab1fb1
  FirebaseAnalytics: e5fe8486efc01bec33f6bf82e2fa9fce4b124052
  FirebaseCore: 9691ee2ade70c098d7cf92440f4303f16d83ca75
  FirebaseInstanceID: b9eedd6846fb5e1f0f7279e1deaa7a7e4cf8392e
  FLUtilities: 1b101734a35e894fd019e3fe6b430214c8fa3186
  FoxAPIKit: 0f4947581960fd01d2f0dada7e2e2e9bfc744dfe
  Google: 98da4b1a60ed0beb80a290387a28333406a1eb90
  GoogleSignIn: d9ef55b10f0aa401a5de2747f59b725e4b9732ac
  GoogleToolboxForMac: 2501e2ad72a52eb3dfe7bd9aee7dad11b858bd20
  GTMOAuth2: c77fe325e4acd453837e72d91e3b5f13116857b2
  GTMSessionFetcher: 5bb1eae636127de695590f50e7d248483eb891e6
  JSONParsing: 499e8b6454d4c59efa6f10c98523fefcf72e119c
  SwiftyJSON: c2842d878f95482ffceec5709abc3d05680c0220
  TwitterCore: 644d59e75abccb26cf0a9050d2c4dea0e5412241
  TwitterKit: a2e60ddcedbf54091eac6f27685ca7a87681e1d7

PODFILE CHECKSUM: d176d386551318f410cf8e13169ac5817e01f82e

COCOAPODS: 1.4.0
